
Microsoft Visual Studio Solution File, Format Version 12.00
# Visual Studio Version 17
VisualStudioVersion = 17.5.002.0
MinimumVisualStudioVersion = 10.0.40219.1
Project("{9A19103F-16F7-4668-BE54-9A1E7A4F7556}") = "C#", "C#.csproj", "{78D2DF24-E3A7-44D3-9343-BFEE546FC46B}"
EndProject
Global
	GlobalSection(SolutionConfigurationPlatforms) = preSolution
		Debug|Any CPU = Debug|Any CPU
		Release|Any CPU = Release|Any CPU
	EndGlobalSection
	GlobalSection(ProjectConfigurationPlatforms) = postSolution
		{78D2DF24-E3A7-44D3-9343-BFEE546FC46B}.Debug|Any CPU.ActiveCfg = Debug|Any CPU
		{78D2DF24-E3A7-44D3-9343-BFEE546FC46B}.Debug|Any CPU.Build.0 = Debug|Any CPU
		{78D2DF24-E3A7-44D3-9343-BFEE546FC46B}.Release|Any CPU.ActiveCfg = Release|Any CPU
		{78D2DF24-E3A7-44D3-9343-BFEE546FC46B}.Release|Any CPU.Build.0 = Release|Any CPU
	EndGlobalSection
	GlobalSection(SolutionProperties) = preSolution
		HideSolutionNode = FALSE
	EndGlobalSection
	GlobalSection(ExtensibilityGlobals) = postSolution
		SolutionGuid = {EF753B43-6649-406C-AA61-5EDEC37D8706}
	EndGlobalSection
EndGlobal
